
Microsoft Visual Studio Solution File, Format Version 12.00
# Visual Studio Version 17
VisualStudioVersion = 17.14.37012.4 d17.14
MinimumVisualStudioVersion = 10.0.40219.1
Project("{FAE04EC0-301F-11D3-BF4B-00C04F79EFBC}") = "SmartDocChat", "SmartDocChat.csproj", "{660BCFB7-3F3E-44E8-85A7-FAABB6B480A9}"
EndProject
Global
	GlobalSection(SolutionConfigurationPlatforms) = preSolution
		Debug|Any CPU = Debug|Any CPU
		Release|Any CPU = Release|Any CPU
	EndGlobalSection
	GlobalSection(ProjectConfigurationPlatforms) = postSolution
		{660BCFB7-3F3E-44E8-85A7-FAABB6B480A9}.Debug|Any CPU.ActiveCfg = Debug|Any CPU
		{660BCFB7-3F3E-44E8-85A7-FAABB6B480A9}.Debug|Any CPU.Build.0 = Debug|Any CPU
		{660BCFB7-3F3E-44E8-85A7-FAABB6B480A9}.Release|Any CPU.ActiveCfg = Release|Any CPU
		{660BCFB7-3F3E-44E8-85A7-FAABB6B480A9}.Release|Any CPU.Build.0 = Release|Any CPU
	EndGlobalSection
	GlobalSection(SolutionProperties) = preSolution
		HideSolutionNode = FALSE
	EndGlobalSection
	GlobalSection(ExtensibilityGlobals) = postSolution
		SolutionGuid = {CDE05493-7B25-41D1-9856-A7C34BD223B0}
	EndGlobalSection
EndGlobal
